
Microsoft Visual Studio Solution File, Format Version 12.00
# Visual Studio Version 17
VisualStudioVersion = 17.0.31903.59
MinimumVisualStudioVersion = 10.0.40219.1
Project("{FAE04EC0-301F-11D3-BF4B-00C04F79EFBC}") = "ParserWebApp", "ParserWebApp\ParserWebApp.csproj", "{DCC57AAD-CCA6-48CC-8ADD-C494F4BEC31F}"
EndProject
Project("{FAE04EC0-301F-11D3-BF4B-00C04F79EFBC}") = "ParserConsoleApp", "ParserConsoleApp\ParserConsoleApp.csproj", "{C6D668FE-F17F-456F-929B-F2A988E4BFB6}"
EndProject
Global
	GlobalSection(SolutionConfigurationPlatforms) = preSolution
		Debug|Any CPU = Debug|Any CPU
		Release|Any CPU = Release|Any CPU
	EndGlobalSection
	GlobalSection(SolutionProperties) = preSolution
		HideSolutionNode = FALSE
	EndGlobalSection
	GlobalSection(ProjectConfigurationPlatforms) = postSolution
		{DCC57AAD-CCA6-48CC-8ADD-C494F4BEC31F}.Debug|Any CPU.ActiveCfg = Debug|Any CPU
		{DCC57AAD-CCA6-48CC-8ADD-C494F4BEC31F}.Debug|Any CPU.Build.0 = Debug|Any CPU
		{DCC57AAD-CCA6-48CC-8ADD-C494F4BEC31F}.Release|Any CPU.ActiveCfg = Release|Any CPU
		{DCC57AAD-CCA6-48CC-8ADD-C494F4BEC31F}.Release|Any CPU.Build.0 = Release|Any CPU
		{C6D668FE-F17F-456F-929B-F2A988E4BFB6}.Debug|Any CPU.ActiveCfg = Debug|Any CPU
		{C6D668FE-F17F-456F-929B-F2A988E4BFB6}.Debug|Any CPU.Build.0 = Debug|Any CPU
		{C6D668FE-F17F-456F-929B-F2A988E4BFB6}.Release|Any CPU.ActiveCfg = Release|Any CPU
		{C6D668FE-F17F-456F-929B-F2A988E4BFB6}.Release|Any CPU.Build.0 = Release|Any CPU
	EndGlobalSection
EndGlobal
